
Microsoft Visual Studio Solution File, Format Version 12.00
# Visual Studio 15
VisualStudioVersion = 15.0.28010.2026
MinimumVisualStudioVersion = 10.0.40219.1
Project("{8BC9CEB8-8B4A-11D0-8D11-00A0C91BC942}") = "ConsoleApplication1", "ConsoleApplication1\ConsoleApplication1.vcxproj", "{A3455801-6C25-4817-B6B4-12316CF770A0}"
EndProject
Global
	GlobalSection(SolutionConfigurationPlatforms) = preSolution
		Debug|x64 = Debug|x64
		Debug|x86 = Debug|x86
		Release|x64 = Release|x64
		Release|x86 = Release|x86
	EndGlobalSection
	GlobalSection(ProjectConfigurationPlatforms) = postSolution
		{A3455801-6C25-4817-B6B4-12316CF770A0}.Debug|x64.ActiveCfg = Debug|x64
		{A3455801-6C25-4817-B6B4-12316CF770A0}.Debug|x64.Build.0 = Debug|x64
		{A3455801-6C25-4817-B6B4-12316CF770A0}.Debug|x86.ActiveCfg = Debug|Win32
		{A3455801-6C25-4817-B6B4-12316CF770A0}.Debug|x86.Build.0 = Debug|Win32
		{A3455801-6C25-4817-B6B4-12316CF770A0}.Release|x64.ActiveCfg = Release|x64
		{A3455801-6C25-4817-B6B4-12316CF770A0}.Release|x64.Build.0 = Release|x64
		{A3455801-6C25-4817-B6B4-12316CF770A0}.Release|x86.ActiveCfg = Release|Win32
		{A3455801-6C25-4817-B6B4-12316CF770A0}.Release|x86.Build.0 = Release|Win32
	EndGlobalSection
	GlobalSection(SolutionProperties) = preSolution
		HideSolutionNode = FALSE
	EndGlobalSection
	GlobalSection(ExtensibilityGlobals) = postSolution
		SolutionGuid = {D1E1F57E-E230-493F-B4C4-F1485DE1723E}
	EndGlobalSection
EndGlobal
