
Microsoft Visual Studio Solution File, Format Version 12.00
# Visual Studio 15
VisualStudioVersion = 15.0.28010.2026
MinimumVisualStudioVersion = 10.0.40219.1
Project("{8BC9CEB8-8B4A-11D0-8D11-00A0C91BC942}") = "Sequence", "Sequence\Sequence.vcxproj", "{00A2B6B2-71CE-4B2F-ADC6-889C0000DEBD}"
EndProject
Global
	GlobalSection(SolutionConfigurationPlatforms) = preSolution
		Debug|x64 = Debug|x64
		Release|x64 = Release|x64
	EndGlobalSection
	GlobalSection(ProjectConfigurationPlatforms) = postSolution
		{00A2B6B2-71CE-4B2F-ADC6-889C0000DEBD}.Debug|x64.ActiveCfg = Debug|x64
		{00A2B6B2-71CE-4B2F-ADC6-889C0000DEBD}.Debug|x64.Build.0 = Debug|x64
		{00A2B6B2-71CE-4B2F-ADC6-889C0000DEBD}.Release|x64.ActiveCfg = Release|x64
		{00A2B6B2-71CE-4B2F-ADC6-889C0000DEBD}.Release|x64.Build.0 = Release|x64
	EndGlobalSection
	GlobalSection(SolutionProperties) = preSolution
		HideSolutionNode = FALSE
	EndGlobalSection
	GlobalSection(ExtensibilityGlobals) = postSolution
		SolutionGuid = {0E2A023D-D6E0-4B73-820F-61194D574C1B}
	EndGlobalSection
EndGlobal
